
Microsoft Visual Studio Solution File, Format Version 12.00
# Visual Studio Version 17
VisualStudioVersion = 17.0.31903.59
MinimumVisualStudioVersion = 10.0.40219.1
Project("{F2A71F9B-5D33-465A-A702-920D77279786}") = "Payment", "Payment\Payment.fsproj", "{6CF7A97A-BA60-4102-8EB1-E1A6804D59A0}"
EndProject
Project("{F2A71F9B-5D33-465A-A702-920D77279786}") = "Payment.Tests", "Payment.Tests\Payment.Tests.fsproj", "{C3D2BC68-C29A-4510-B808-D614F891A6AF}"
EndProject
Project("{2150E333-8FDC-42A3-9474-1A3956D46DE8}") = "Solution Items", "Solution Items", "{8EC462FD-D22E-90A8-E5CE-7E832BA40C5D}"
	ProjectSection(SolutionItems) = preProject
		Directory.Packages.props = Directory.Packages.props
		FAILURE_MODES.md = FAILURE_MODES.md
		README.md = README.md
	EndProjectSection
EndProject
Project("{FAE04EC0-301F-11D3-BF4B-00C04F79EFBC}") = "Payment.Gateway", "Payment.Gateway\Payment.Gateway.csproj", "{037AE7DD-E6F7-4102-AD25-CE7E79A7262F}"
EndProject
Project("{FAE04EC0-301F-11D3-BF4B-00C04F79EFBC}") = "Payment.Gateway.Tests", "Payment.Gateway.Tests\Payment.Gateway.Tests.csproj", "{7676347A-5389-4036-8CC7-C0130359E0ED}"
EndProject
Global
	GlobalSection(SolutionConfigurationPlatforms) = preSolution
		Debug|Any CPU = Debug|Any CPU
		Debug|x64 = Debug|x64
		Debug|x86 = Debug|x86
		Release|Any CPU = Release|Any CPU
		Release|x64 = Release|x64
		Release|x86 = Release|x86
	EndGlobalSection
	GlobalSection(ProjectConfigurationPlatforms) = postSolution
		{6CF7A97A-BA60-4102-8EB1-E1A6804D59A0}.Debug|Any CPU.ActiveCfg = Debug|Any CPU
		{6CF7A97A-BA60-4102-8EB1-E1A6804D59A0}.Debug|Any CPU.Build.0 = Debug|Any CPU
		{6CF7A97A-BA60-4102-8EB1-E1A6804D59A0}.Debug|x64.ActiveCfg = Debug|Any CPU
		{6CF7A97A-BA60-4102-8EB1-E1A6804D59A0}.Debug|x64.Build.0 = Debug|Any CPU
		{6CF7A97A-BA60-4102-8EB1-E1A6804D59A0}.Debug|x86.ActiveCfg = Debug|Any CPU
		{6CF7A97A-BA60-4102-8EB1-E1A6804D59A0}.Debug|x86.Build.0 = Debug|Any CPU
		{6CF7A97A-BA60-4102-8EB1-E1A6804D59A0}.Release|Any CPU.ActiveCfg = Release|Any CPU
		{6CF7A97A-BA60-4102-8EB1-E1A6804D59A0}.Release|Any CPU.Build.0 = Release|Any CPU
		{6CF7A97A-BA60-4102-8EB1-E1A6804D59A0}.Release|x64.ActiveCfg = Release|Any CPU
		{6CF7A97A-BA60-4102-8EB1-E1A6804D59A0}.Release|x64.Build.0 = Release|Any CPU
		{6CF7A97A-BA60-4102-8EB1-E1A6804D59A0}.Release|x86.ActiveCfg = Release|Any CPU
		{6CF7A97A-BA60-4102-8EB1-E1A6804D59A0}.Release|x86.Build.0 = Release|Any CPU
		{C3D2BC68-C29A-4510-B808-D614F891A6AF}.Debug|Any CPU.ActiveCfg = Debug|Any CPU
		{C3D2BC68-C29A-4510-B808-D614F891A6AF}.Debug|Any CPU.Build.0 = Debug|Any CPU
		{C3D2BC68-C29A-4510-B808-D614F891A6AF}.Debug|x64.ActiveCfg = Debug|Any CPU
		{C3D2BC68-C29A-4510-B808-D614F891A6AF}.Debug|x64.Build.0 = Debug|Any CPU
		{C3D2BC68-C29A-4510-B808-D614F891A6AF}.Debug|x86.ActiveCfg = Debug|Any CPU
		{C3D2BC68-C29A-4510-B808-D614F891A6AF}.Debug|x86.Build.0 = Debug|Any CPU
		{C3D2BC68-C29A-4510-B808-D614F891A6AF}.Release|Any CPU.ActiveCfg = Release|Any CPU
		{C3D2BC68-C29A-4510-B808-D614F891A6AF}.Release|Any CPU.Build.0 = Release|Any CPU
		{C3D2BC68-C29A-4510-B808-D614F891A6AF}.Release|x64.ActiveCfg = Release|Any CPU
		{C3D2BC68-C29A-4510-B808-D614F891A6AF}.Release|x64.Build.0 = Release|Any CPU
		{C3D2BC68-C29A-4510-B808-D614F891A6AF}.Release|x86.ActiveCfg = Release|Any CPU
		{C3D2BC68-C29A-4510-B808-D614F891A6AF}.Release|x86.Build.0 = Release|Any CPU
		{037AE7DD-E6F7-4102-AD25-CE7E79A7262F}.Debug|Any CPU.ActiveCfg = Debug|Any CPU
		{037AE7DD-E6F7-4102-AD25-CE7E79A7262F}.Debug|Any CPU.Build.0 = Debug|Any CPU
		{037AE7DD-E6F7-4102-AD25-CE7E79A7262F}.Debug|x64.ActiveCfg = Debug|Any CPU
		{037AE7DD-E6F7-4102-AD25-CE7E79A7262F}.Debug|x64.Build.0 = Debug|Any CPU
		{037AE7DD-E6F7-4102-AD25-CE7E79A7262F}.Debug|x86.ActiveCfg = Debug|Any CPU
		{037AE7DD-E6F7-4102-AD25-CE7E79A7262F}.Debug|x86.Build.0 = Debug|Any CPU
		{037AE7DD-E6F7-4102-AD25-CE7E79A7262F}.Release|Any CPU.ActiveCfg = Release|Any CPU
		{037AE7DD-E6F7-4102-AD25-CE7E79A7262F}.Release|Any CPU.Build.0 = Release|Any CPU
		{037AE7DD-E6F7-4102-AD25-CE7E79A7262F}.Release|x64.ActiveCfg = Release|Any CPU
		{037AE7DD-E6F7-4102-AD25-CE7E79A7262F}.Release|x64.Build.0 = Release|Any CPU
		{037AE7DD-E6F7-4102-AD25-CE7E79A7262F}.Release|x86.ActiveCfg = Release|Any CPU
		{037AE7DD-E6F7-4102-AD25-CE7E79A7262F}.Release|x86.Build.0 = Release|Any CPU
		{7676347A-5389-4036-8CC7-C0130359E0ED}.Debug|Any CPU.ActiveCfg = Debug|Any CPU
		{7676347A-5389-4036-8CC7-C0130359E0ED}.Debug|Any CPU.Build.0 = Debug|Any CPU
		{7676347A-5389-4036-8CC7-C0130359E0ED}.Debug|x64.ActiveCfg = Debug|Any CPU
		{7676347A-5389-4036-8CC7-C0130359E0ED}.Debug|x64.Build.0 = Debug|Any CPU
		{7676347A-5389-4036-8CC7-C0130359E0ED}.Debug|x86.ActiveCfg = Debug|Any CPU
		{7676347A-5389-4036-8CC7-C0130359E0ED}.Debug|x86.Build.0 = Debug|Any CPU
		{7676347A-5389-4036-8CC7-C0130359E0ED}.Release|Any CPU.ActiveCfg = Release|Any CPU
		{7676347A-5389-4036-8CC7-C0130359E0ED}.Release|Any CPU.Build.0 = Release|Any CPU
		{7676347A-5389-4036-8CC7-C0130359E0ED}.Release|x64.ActiveCfg = Release|Any CPU
		{7676347A-5389-4036-8CC7-C0130359E0ED}.Release|x64.Build.0 = Release|Any CPU
		{7676347A-5389-4036-8CC7-C0130359E0ED}.Release|x86.ActiveCfg = Release|Any CPU
		{7676347A-5389-4036-8CC7-C0130359E0ED}.Release|x86.Build.0 = Release|Any CPU
	EndGlobalSection
	GlobalSection(SolutionProperties) = preSolution
		HideSolutionNode = FALSE
	EndGlobalSection
	GlobalSection(ExtensibilityGlobals) = postSolution
		SolutionGuid = {2EC69E4B-619C-4D4D-9414-91988B94CDCB}
	EndGlobalSection
EndGlobal
