
Microsoft Visual Studio Solution File, Format Version 12.00
# Visual Studio Version 17
VisualStudioVersion = 17.0.31903.59
MinimumVisualStudioVersion = 10.0.40219.1
Project("{F2A71F9B-5D33-465A-A702-920D77279786}") = "Payment", "Payment\Payment.fsproj", "{6CF7A97A-BA60-4102-8EB1-E1A6804D59A0}"
EndProject
Project("{F2A71F9B-5D33-465A-A702-920D77279786}") = "Payment.Tests", "Payment.Tests\Payment.Tests.fsproj", "{C3D2BC68-C29A-4510-B808-D614F891A6AF}"
EndProject
Global
	GlobalSection(SolutionConfigurationPlatforms) = preSolution
		Debug|Any CPU = Debug|Any CPU
		Debug|x64 = Debug|x64
		Debug|x86 = Debug|x86
		Release|Any CPU = Release|Any CPU
		Release|x64 = Release|x64
		Release|x86 = Release|x86
	EndGlobalSection
	GlobalSection(ProjectConfigurationPlatforms) = postSolution
		{6CF7A97A-BA60-4102-8EB1-E1A6804D59A0}.Debug|Any CPU.ActiveCfg = Debug|Any CPU
		{6CF7A97A-BA60-4102-8EB1-E1A6804D59A0}.Debug|Any CPU.Build.0 = Debug|Any CPU
		{6CF7A97A-BA60-4102-8EB1-E1A6804D59A0}.Debug|x64.ActiveCfg = Debug|Any CPU
		{6CF7A97A-BA60-4102-8EB1-E1A6804D59A0}.Debug|x64.Build.0 = Debug|Any CPU
		{6CF7A97A-BA60-4102-8EB1-E1A6804D59A0}.Debug|x86.ActiveCfg = Debug|Any CPU
		{6CF7A97A-BA60-4102-8EB1-E1A6804D59A0}.Debug|x86.Build.0 = Debug|Any CPU
		{6CF7A97A-BA60-4102-8EB1-E1A6804D59A0}.Release|Any CPU.ActiveCfg = Release|Any CPU
		{6CF7A97A-BA60-4102-8EB1-E1A6804D59A0}.Release|Any CPU.Build.0 = Release|Any CPU
		{6CF7A97A-BA60-4102-8EB1-E1A6804D59A0}.Release|x64.ActiveCfg = Release|Any CPU
		{6CF7A97A-BA60-4102-8EB1-E1A6804D59A0}.Release|x64.Build.0 = Release|Any CPU
		{6CF7A97A-BA60-4102-8EB1-E1A6804D59A0}.Release|x86.ActiveCfg = Release|Any CPU
		{6CF7A97A-BA60-4102-8EB1-E1A6804D59A0}.Release|x86.Build.0 = Release|Any CPU
		{C3D2BC68-C29A-4510-B808-D614F891A6AF}.Debug|Any CPU.ActiveCfg = Debug|Any CPU
		{C3D2BC68-C29A-4510-B808-D614F891A6AF}.Debug|Any CPU.Build.0 = Debug|Any CPU
		{C3D2BC68-C29A-4510-B808-D614F891A6AF}.Debug|x64.ActiveCfg = Debug|Any CPU
		{C3D2BC68-C29A-4510-B808-D614F891A6AF}.Debug|x64.Build.0 = Debug|Any CPU
		{C3D2BC68-C29A-4510-B808-D614F891A6AF}.Debug|x86.ActiveCfg = Debug|Any CPU
		{C3D2BC68-C29A-4510-B808-D614F891A6AF}.Debug|x86.Build.0 = Debug|Any CPU
		{C3D2BC68-C29A-4510-B808-D614F891A6AF}.Release|Any CPU.ActiveCfg = Release|Any CPU
		{C3D2BC68-C29A-4510-B808-D614F891A6AF}.Release|Any CPU.Build.0 = Release|Any CPU
		{C3D2BC68-C29A-4510-B808-D614F891A6AF}.Release|x64.ActiveCfg = Release|Any CPU
		{C3D2BC68-C29A-4510-B808-D614F891A6AF}.Release|x64.Build.0 = Release|Any CPU
		{C3D2BC68-C29A-4510-B808-D614F891A6AF}.Release|x86.ActiveCfg = Release|Any CPU
		{C3D2BC68-C29A-4510-B808-D614F891A6AF}.Release|x86.Build.0 = Release|Any CPU
	EndGlobalSection
	GlobalSection(SolutionProperties) = preSolution
		HideSolutionNode = FALSE
	EndGlobalSection
EndGlobal
